<Solution>
  <Folder Name="/TextingAppUnitTests/">
    <Project Path="../UnitTests/UserMicroServiceUnitTests/UserMicroServiceUnitTests.csproj" />
  </Folder>
  <Project Path="docker-compose.dcproj">
    <Build />
  </Project>
  <Project Path="MainMicroService/MainMicroService.csproj" />
  <Project Path="UserMicroService/UserMicroService.csproj" />
</Solution>
